{
    "_meta": {
        "hash": {
            "sha256": "47a79a93aa9339a60aaee45b3795351c84d3e6a2062959b2ee34d9a0ebac5808"
        },
        "pipfile-spec": 6,
        "requires": {
            "Flask": "1.1.2",
            "Flask-MySQLdb": "0.2.0",
            "Jinja2": "2.11.3",
            "MarkupSafe": "1.1.1",
            "WTForms": "2.3.3",
            "Werkzeug": "1.0.1",
            "click": "7.1.2",
            "itsdangerous": "1.1.0",
            "mysqlclient": "2.0.3",
            "passlib": "1.7.4",
            "python_version": "3.9"
        },
        "sources": [
            {
                "name": "pypi",
                "url": "https://pypi.org/simple",
                "verify_ssl": true
            }
        ]
    },
    "default": {},
    "develop": {}
}
